<?xml version="1.0" encoding="utf-8"?>
<Project ToolsVersion="4.0" xmlns="http://schemas.microsoft.com/developer/msbuild/2003">
  <ItemGroup>
    <Filter Include="Source Files">
      <UniqueIdentifier>{4FC737F1-C7A5-4376-A066-2A32D752A2FF}</UniqueIdentifier>
      <Extensions>cpp;c;cc;cxx;def;odl;idl;hpj;bat;asm;asmx</Extensions>
    </Filter>
    <Filter Include="Header Files">
      <UniqueIdentifier>{93995380-89BD-4b04-88EB-625FBE52EBFB}</UniqueIdentifier>
      <Extensions>h;hpp;hxx;hm;inl;inc;xsd</Extensions>
    </Filter>
    <Filter Include="Resource Files">
      <UniqueIdentifier>{67DA6AB6-F800-4c08-8B7A-83BB121AAD01}</UniqueIdentifier>
      <Extensions>rc;ico;cur;bmp;dlg;rc2;rct;bin;rgs;gif;jpg;jpeg;jpe;resx;tiff;tif;png;wav</Extensions>
    </Filter>
  </ItemGroup>
  <ItemGroup>
    <ClCompile Include="convHDF5.cpp">
      <Filter>Source Files</Filter>
    </ClCompile>
    <ClCompile Include="iPIC3D.cpp">
      <Filter>Source Files</Filter>
    </ClCompile>
    <ClCompile Include="configfile\src\ConfigFile.cpp">
      <Filter>Source Files</Filter>
    </ClCompile>
    <ClCompile Include="particles\Particles3D.cpp">
      <Filter>Source Files</Filter>
    </ClCompile>
    <ClCompile Include="particles\Particles3Dcomm.cpp">
      <Filter>Source Files</Filter>
    </ClCompile>
    <ClCompile Include="pskoutput3d\testhdf5.cc">
      <Filter>Source Files</Filter>
    </ClCompile>
    <ClCompile Include="pskoutput3d\test_pskoutput.cc">
      <Filter>Source Files</Filter>
    </ClCompile>
    <ClCompile Include="vtk3d\convHDF5.cpp">
      <Filter>Source Files</Filter>
    </ClCompile>
    <ClCompile Include="vtk3d\convHDF5_EPAR.cpp">
      <Filter>Source Files</Filter>
    </ClCompile>
  </ItemGroup>
  <ItemGroup>
    <ClInclude Include="bc\BcFields3D.h">
      <Filter>Header Files</Filter>
    </ClInclude>
    <ClInclude Include="bc\BcInterp.h">
      <Filter>Header Files</Filter>
    </ClInclude>
    <ClInclude Include="bc\BcParticles.h">
      <Filter>Header Files</Filter>
    </ClInclude>
    <ClInclude Include="communication\ComBasic3D.h">
      <Filter>Header Files</Filter>
    </ClInclude>
    <ClInclude Include="communication\ComInterpNodes3D.h">
      <Filter>Header Files</Filter>
    </ClInclude>
    <ClInclude Include="communication\ComNodes3D.h">
      <Filter>Header Files</Filter>
    </ClInclude>
    <ClInclude Include="communication\ComParser3D.h">
      <Filter>Header Files</Filter>
    </ClInclude>
    <ClInclude Include="communication\ComParticles3D.h">
      <Filter>Header Files</Filter>
    </ClInclude>
    <ClInclude Include="configfile\src\ConfigFile.h">
      <Filter>Header Files</Filter>
    </ClInclude>
    <ClInclude Include="configfile\src\input_array.h">
      <Filter>Header Files</Filter>
    </ClInclude>
    <ClInclude Include="fields\EMfields3D.h">
      <Filter>Header Files</Filter>
    </ClInclude>
    <ClInclude Include="fields\ESfield.h">
      <Filter>Header Files</Filter>
    </ClInclude>
    <ClInclude Include="fields\Field.h">
      <Filter>Header Files</Filter>
    </ClInclude>
    <ClInclude Include="grids\Grid.h">
      <Filter>Header Files</Filter>
    </ClInclude>
    <ClInclude Include="grids\Grid3DCU.h">
      <Filter>Header Files</Filter>
    </ClInclude>
    <ClInclude Include="inputoutput\Collective.h">
      <Filter>Header Files</Filter>
    </ClInclude>
    <ClInclude Include="inputoutput\CollectiveIO.h">
      <Filter>Header Files</Filter>
    </ClInclude>
    <ClInclude Include="inputoutput\Restart3D.h">
      <Filter>Header Files</Filter>
    </ClInclude>
    <ClInclude Include="inputoutput\SerialIO.h">
      <Filter>Header Files</Filter>
    </ClInclude>
    <ClInclude Include="mathlib\Basic.h">
      <Filter>Header Files</Filter>
    </ClInclude>
    <ClInclude Include="mathlib\Bessel.h">
      <Filter>Header Files</Filter>
    </ClInclude>
    <ClInclude Include="mathlib\DirDer.h">
      <Filter>Header Files</Filter>
    </ClInclude>
    <ClInclude Include="mpidata\MPIdata.h">
      <Filter>Header Files</Filter>
    </ClInclude>
    <ClInclude Include="particles\Particles.h">
      <Filter>Header Files</Filter>
    </ClInclude>
    <ClInclude Include="particles\Particles3D.h">
      <Filter>Header Files</Filter>
    </ClInclude>
    <ClInclude Include="particles\Particles3Dcomm.h">
      <Filter>Header Files</Filter>
    </ClInclude>
    <ClInclude Include="performances\Timing.h">
      <Filter>Header Files</Filter>
    </ClInclude>
    <ClInclude Include="processtopology\VCtopology3D.h">
      <Filter>Header Files</Filter>
    </ClInclude>
    <ClInclude Include="processtopology\VirtualTopology3D.h">
      <Filter>Header Files</Filter>
    </ClInclude>
    <ClInclude Include="pskoutput3d\PSKException.h">
      <Filter>Header Files</Filter>
    </ClInclude>
    <ClInclude Include="pskoutput3d\PSKhdf5adaptor.h">
      <Filter>Header Files</Filter>
    </ClInclude>
    <ClInclude Include="pskoutput3d\PSKOutput.h">
      <Filter>Header Files</Filter>
    </ClInclude>
    <ClInclude Include="solvers\CG.h">
      <Filter>Header Files</Filter>
    </ClInclude>
    <ClInclude Include="solvers\GMRES.h">
      <Filter>Header Files</Filter>
    </ClInclude>
    <ClInclude Include="utility\Alloc.h">
      <Filter>Header Files</Filter>
    </ClInclude>
    <ClInclude Include="utility\TransArraySpace3D.h">
      <Filter>Header Files</Filter>
    </ClInclude>
  </ItemGroup>
</Project>